
Microsoft Visual Studio Solution File, Format Version 12.00
# Visual Studio Version 17
VisualStudioVersion = 17.11.35312.102
MinimumVisualStudioVersion = 10.0.40219.1
Project("{FAE04EC0-301F-11D3-BF4B-00C04F79EFBC}") = "csharpegitim1", "csharpegitim1\csharpegitim1.csproj", "{4C0C0D65-3BAB-4E25-91F0-CCF5B93A5B57}"
EndProject
Global
	GlobalSection(SolutionConfigurationPlatforms) = preSolution
		Debug|Any CPU = Debug|Any CPU
		Release|Any CPU = Release|Any CPU
	EndGlobalSection
	GlobalSection(ProjectConfigurationPlatforms) = postSolution
		{4C0C0D65-3BAB-4E25-91F0-CCF5B93A5B57}.Debug|Any CPU.ActiveCfg = Debug|Any CPU
		{4C0C0D65-3BAB-4E25-91F0-CCF5B93A5B57}.Debug|Any CPU.Build.0 = Debug|Any CPU
		{4C0C0D65-3BAB-4E25-91F0-CCF5B93A5B57}.Release|Any CPU.ActiveCfg = Release|Any CPU
		{4C0C0D65-3BAB-4E25-91F0-CCF5B93A5B57}.Release|Any CPU.Build.0 = Release|Any CPU
	EndGlobalSection
	GlobalSection(SolutionProperties) = preSolution
		HideSolutionNode = FALSE
	EndGlobalSection
	GlobalSection(ExtensibilityGlobals) = postSolution
		SolutionGuid = {B69A11FD-EF3D-4D9C-BC63-DBB044C0906D}
	EndGlobalSection
EndGlobal
